<?xml version="1.0" encoding="utf-8"?>
<Project ToolsVersion="4.0" xmlns="http://schemas.microsoft.com/developer/msbuild/2003">
  <ItemGroup>
    <ClCompile Include="Application.cpp">
      <Filter>CPP</Filter>
    </ClCompile>
    <ClCompile Include="main.cpp">
      <Filter>CPP</Filter>
    </ClCompile>
    <ClCompile Include="missile.cpp">
      <Filter>CPP</Filter>
    </ClCompile>
    <ClCompile Include="ship.cpp">
      <Filter>CPP</Filter>
    </ClCompile>
    <ClCompile Include="ChatBackground.cpp" />
    <ClCompile Include="ChatSystem.cpp" />
  </ItemGroup>
  <ItemGroup>
    <ClInclude Include="Application.h">
      <Filter>Header</Filter>
    </ClInclude>
    <ClInclude Include="Globals.h">
      <Filter>Header</Filter>
    </ClInclude>
    <ClInclude Include="missile.h">
      <Filter>Header</Filter>
    </ClInclude>
    <ClInclude Include="ship.h">
      <Filter>Header</Filter>
    </ClInclude>
    <ClInclude Include="MyMsgIDs.h">
      <Filter>Header</Filter>
    </ClInclude>
    <ClInclude Include="ChatBackground.h" />
    <ClInclude Include="ChatSystem.h" />
    <ClInclude Include="CustomPacket.h">
      <Filter>CPP</Filter>
    </ClInclude>
  </ItemGroup>
  <ItemGroup>
    <Filter Include="Header">
      <UniqueIdentifier>{34aad0a8-6200-4fa7-9a3f-10e93720e18b}</UniqueIdentifier>
    </Filter>
    <Filter Include="CPP">
      <UniqueIdentifier>{40a62650-0fbf-4a31-8541-fefed894d5f9}</UniqueIdentifier>
    </Filter>
  </ItemGroup>
</Project>